github.com/bytedance/sonic v1.5.0/go.mod h1:ED5hyg4y6t3/9Ku1R6dU/FAUlsRX20ClqNgv+7qpeYA=
github.com/bytedance/sonic v1.11.6 h1:TaFY4Vf7Z9pYd9Q5L9k6k8/vJc+X/9X4S/O7O2xJ4sY=
github.com/bytedance/sonic v1.11.6/go.mod h1:iZcSUOFAqv+O21I8eE14k5/h/8w5/f7fngdlKqYpCpo=
github.com/bytedance/sonic/loader v0.1.1 h1:c+c5eAd9r6dItjXf+EBCpZl6j9lW/9VE7+b7kkby3pQ=
github.com/bytedance/sonic/loader v0.1.1/go.mod h1:ncP89zfokxS5LzrJxlj/HfC9NgxJEDcYODDE7Tp7M80=
github.com/chenzhuoyu/base64x v0.0.0-20211019084208-fb5309c8db06/go.mod h1:DH46F/2g0jjNlqX9sM4yQWAPq8pgaoG96a8p5QW/gy8=
github.com/chenzhuoyu/base64x v0.0.0-20221115062448-fe3a3abad311/go.mod h1:b583jCggY9gE99b6G5LEC39OIi9zTxSt9Zk75L4lXD0=
github.com/cloudwego/base64x v0.1.4 h1:jwCgqRHzp45u/NrDlHj0r2e093yeX68S7w0t1cf/d8M=
github.com/cloudwego/base64x v0.1.4/go.mod h1:0zlkT4Wn5q6QsWJNli2e07q/0xpoTP/hW984r95KKLU=
github.com/cloudwego/iasm v0.2.0 h1:1KNIy1k189SMj8pSY1/I9l4MAd3p7647dY5hQO499+c=
github.com/cloudwego/iasm v0.2.0/go.mod h1:8rXZa2J7kTX9q3/pX3P9q7q8q/p6eP+74nJOmE8g44U=
github.com/davecgh/go-spew v1.1.0/go.mod h1:J7Y8YcW2NihsgmVo/mv3lAwl/skON4iLHjSsI+c5H38=
github.com/davecgh/go-spew v1.1.1 h1:vj9j/u1bqnvCEfJOwUhtlOARqs3+tNQZt9q0/outQL0=
github.com/davecgh/go-spew v1.1.1/go.mod h1:J7Y8YcW2NihsgmVo/mv3lAwl/skON4iLHjSsI+c5H38=
github.com/gabriel-vasile/mimetype v1.4.3 h1:in2uUcidCuFcDKtd3xliooP58nWO7D7pL9qDe24v1Zc=
github.com/gabriel-vasile/mimetype v1.4.3/go.mod h1:d8zqHXVV26VnZkPCMWiFPaI8nQtIqa+9nERXdACHh+k=
github.com/gin-contrib/sse v0.1.0 h1:Y/yl/+YNO8GZSjAhjMsSuLt29uWRFHdHYUb5lYPN9qM=
github.com/gin-contrib/sse v0.1.0/go.mod h1:RHrZQHXnP2xjPF+u1gW/2HnVOedOGPnGO1q5Wml4G50=
github.com/gin-gonic/gin v1.10.0 h1:nTuO7Trp75iBA6I33XCJY4x4sE3z5tikPSUeB/2W1Bg=
github.com/gin-gonic/gin v1.10.0/go.mod h1:4PMwUSfCkD8PCLs74Ui6yCUq1uXDREd5Vv59ZqgQoFM=
github.com/go-playground/assert/v2 v2.2.0 h1:JvknZsQTYeFErDuYkqNYs+StD6r5NpzX92mNOzZ0Pjw=
github.com/go-playground/assert/v2 v2.2.0/go.mod h1:VDjPpi11f7453iNRKtr2k/D6X1b65lUsR6fvnN7hZ8E=
github.com/go-playground/locales v0.14.1 h1:EWaQ/wswjilfKLTECiXvm7qxyzOEPBvr8ibnZ8aj30w=
github.com/go-playground/locales v0.14.1/go.mod h1:hxrqLVvrK65+Rwrd5Fc6F2O76LJ/JAqLgRWaZ6P4HDs=
github.com/go-playground/universal-translator v0.18.1 h1:B5FmIib70x+zo9LUWj/7Ftg8n38+r9tN6hACiZ9s1X0=
github.com/go-playground/universal-translator v0.18.1/go.mod h1:xekY+UJKNuX9WP91TpwSHZ7P0BJz26eojD3uA9SPnNM=
github.com/go-playground/validator/v10 v10.20.0 h1:K102tZp7+37r/X38s7s+FrqOq8C7k7x9X655f9E5i1g=
github.com/go-playground/validator/v10 v10.20.0/go.mod h1:dbuPbCMFw/DrkbEyn40/eAXhLq2xSlhZDeXy5lZg4d4=
github.com/goccy/go-json v0.10.2 h1:CrxCmQqYDkv1z7lO7Wbh2HN9R/YGWKPjI8CzTK2C4Xo=
github.com/goccy/go-json v0.10.2/go.mod h1:6MelG93GURQebXPDq3khkgXZkazVtNMSJm7hcCk5CkU=
github.com/google/go-cmp v0.5.5 h1:Khx7svrCpmxxtHBq5j2mp/xVjsi8hQMfNLvJFAlrGgU=
github.com/google/go-cmp v0.5.5/go.mod h1:v8dTzA0qDQYn6djqlh0YBqCPkE9k7q7qF6nJ5+Px14c=
github.com/google/gofuzz v1.0.0/go.mod h1:dBl0BpW6vV/+mYPU4Po3pmUjxk6FQPJtuId0JIvynKs=
github.com/json-iterator/go v1.1.12 h1:PV8peI4a0ysnczrg+LtxykD8LfKY9ML6u2jnxaEnrnM=
github.com/json-iterator/go v1.1.12/go.mod h1:e30LSqwooZae/UwlEbR2852Gd8l+nm9Dq59uloQE4Ig=
github.com/klauspost/cpuid/v2 v2.0.9/go.mod h1:F8tSwGLjQsMFaff9ibDW7owk41opTIjsDrNd91huE8k=
github.com/klauspost/cpuid/v2 v2.2.7 h1:ZWSB3igEs+d0qvnxR/ZBzXVmxkgt8DdzP6m9pfuVLDM=
github.com/klauspost/cpuid/v2 v2.2.7/go.mod h1:LCZv540852p5w3XiY+GNkoRC1PAqVn19psydIt0dSWM=
github.com/knz/go-libedit v1.10.1/go.mod h1:MZTVkCWYz0oXe4p6RLgL2aGw74y9Ksmxdzvyq4rMtvk=
github.com/leodido/go-urn v1.4.0 h1:WT9HwE9SGECu3lg4d/dUPbjEInJspWQ0ry2hb2oGN28=
github.com/leodido/go-urn v1.4.0/go.mod h1:bvxc+MVxLKB4z00jd1z+Dvzr47oO32F/QSNjSBOlFxI=
github.com/mattn/go-isatty v0.0.20 h1:xfD0iDuEKnDkl03q4limB+vH+GxLEtL/jb4xVJSWWEY=
github.com/mattn/go-isatty v0.0.20/go.mod h1:W+V8PlfDiSteY+spL79kotq16kAHvx0NMRKAWl40r5Y=
github.com/modern-go/concurrent v0.0.0-20180228061459-e0a39a4cb421/go.mod h1:6dJC0mAP4ikYIbvyc7fijjWJddQyLn8Ig3JB5CqoBqc=
github.com/modern-go/concurrent v0.0.0-20180306012644-bacd9c7ef1dd h1:TRLaZ9cD/w8PVh93nsPXa1VrQ6jlwL5oN8l14Q387Ik=
github.com/modern-go/concurrent v0.0.0-20180306012644-bacd9c7ef1dd/go.mod h1:6dJC0mAP4ikYIbvyc7fijjWJddQyLn8Ig3JB5CqoBqc=
github.com/modern-go/reflect2 v1.0.2 h1:xBagoLtFs94CRww9nTEArd2cbmsFLpn5W8M6/Y8uLJo=
github.com/modern-go/reflect2 v1.0.2/go.mod h1:yWuevngZ0lEfegllJOu5LCf6r0tcO2tB1C95062us7s=
github.com/pelletier/go-toml/v2 v2.2.2 h1:aYy3qO7/u6zA9r98p4qjX5ZUsxO0pJMh64M6BP5p/t0=
github.com/pelletier/go-toml/v2 v2.2.2/go.mod h1:1t835xjRzz80PqgE6c/H2V/iNbScu0tKKoYfGTDgwON=
github.com/pmezard/go-difflib v1.0.0 h1:4DBwDE0NGyQoBHb8rRmYlVtTySczA//TPbfsqC7R870=
github.com/pmezard/go-difflib v1.0.0/go.mod h1:iKH77koFhYxTK1pcRnkKkqfTogsbg7gZNVY4sRDYZ/4=
github.com/stretchr/objx v0.5.2/go.mod h1:FRsXN1f5AsAjCGJKqEizvkpNtU+EGNVdaGEOXTSSJTE=
github.com/stretchr/testify v1.9.0/go.mod h1:r2ic/lqez/lEtzL7wO/rwa5uw0CG8yPngsjc9al15KS=
github.com/twitchyliquid64/golang-asm v0.15.1 h1:SU5vSls/vH6x94qIed9MSjiCJimne9myWJIOt69iJRs=
github.com/twitchyliquid64/golang-asm v0.15.1/go.mod h1:a1MI/bUZCTenzeqKY80Xe+2DL8757azre7/Eh35F9Xg=
github.com/ugorji/go/codec v1.2.12 h1:9F84QI3jZg2k+5bL2kXm072/240IfIq3vW7kQpS4w4w=
github.com/ugorji/go/codec v1.2.12/go.mod h1:UNopzCgZPRWuWnLC49hcFS8hszx7XR8hV1R8WA5ZeJg=
golang.org/x/arch v0.0.0-20210923205945-b76863e36670/go.mod h1:5om86z9g0uzuelGlcll7z+b1AG0XfbGDmAJnZ4IYlCo=
golang.org/x/arch v0.8.0 h1:3F9r342Y6JHjTH0nYSG44mK4djZJ664l0dxn39t2CPg=
golang.org/x/arch v0.8.0/go.mod h1:FEVrYAQjsQXMVJ1nsMoVVXPZg6p2JE2mx8psSWTDQYs=
golang.org/x/crypto v0.23.0 h1:dIJU/v2J8Mdglj/8rJ6UUOM3Zc9zLZxLBwfyBn/nhBA=
golang.org/x/crypto v0.23.0/go.mod h1:CKrCqQebsk87hu1P7xew6YqjkDkhsF8597q13V9yq9c=
golang.org/x/net v0.25.0 h1:d/OCCoBEUq33pjydKr+HA9bHpXpm489wuchkBEpsQbM=
golang.org/x/net v0.25.0/go.mod h1:JkAGAh7hI7GP89uE7kpYq12/INqOqFfV3zY+00265b8=
golang.org/x/sys v0.6.0/go.mod h1:oPkhp1MJrh7nUepCBck5+mAzfO9JrbApNNgaTdGDITg=
golang.org/x/sys v0.20.0 h1:Od9Sur0k+mnn+Ie5D7w30rxV9HevQ9bPH8fGzT93nDI=
golang.org/x/sys v0.20.0/go.mod h1:/VUhepiaJMQUp4+oa/7Zr1D23ma6VTLIYjOOTFZPUcA=
golang.org/x/text v0.15.0 h1:h1V/4eb400dZyDzBjy6SoKXWvNE3mAu+8Ik5yJXX6Kc=
golang.org/x/text v0.15.0/go.mod h1:18ZOQIKpY8NJVqYksKHTaUGE4F9uhjPUEP938jY5t20=
google.golang.org/protobuf v1.34.1 h1:9fA7Ob0pmnwhbUsNw6qC8398PzEMqaYqXLOeI97gtmo=
google.golang.org/protobuf v1.34.1/go.mod h1:c6P6GXX6sHbq/GpV6MGZEdwhWPdQqdSBKzBPBmsCcCg=
gopkg.in/check.v1 v0.0.0-20161208181325-20d25e280405/go.mod h1:Co6ibVJAznAaIkqp8huTwlJQCZ016jof/cbN4VW5Yz0=
gopkg.in/yaml.v3 v3.0.1 h1:fxVm/GzAzEWqLHuvctI91KS9hhNmmWOoWu0XTYJS7CA=
gopkg.in/yaml.v3 v3.0.1/go.mod h1:K4uyk7z7BCEPqu6E+C64Yfv1cQ7s7c7Q8mx0B6cLDBE=
